
Microsoft Visual Studio Solution File, Format Version 11.00
# Visual Studio 2010
Project("{FAE04EC0-301F-11D3-BF4B-00C04F79EFBC}") = "ShellContextMenu", "ShellContext\ShellContextMenu.csproj", "{33095749-E4E7-4003-B571-B2A99CA11D30}"
EndProject
Project("{54435603-DBB4-11D2-8724-00A0C9A8B90C}") = "Deploy", "Deploy\Deploy.vdproj", "{874866B5-7913-4C66-9A98-08098D227B42}"
EndProject
Project("{FAE04EC0-301F-11D3-BF4B-00C04F79EFBC}") = "Bashkarma", "Bashkarma\Bashkarma.csproj", "{887B7E8D-0212-4E91-8725-FEBDD83AE6D1}"
EndProject
Global
	GlobalSection(SolutionConfigurationPlatforms) = preSolution
		Debug|Any CPU = Debug|Any CPU
		Debug|Mixed Platforms = Debug|Mixed Platforms
		Debug|x64 = Debug|x64
		Debug|x86 = Debug|x86
		Release|Any CPU = Release|Any CPU
		Release|Mixed Platforms = Release|Mixed Platforms
		Release|x64 = Release|x64
		Release|x86 = Release|x86
	EndGlobalSection
	GlobalSection(ProjectConfigurationPlatforms) = postSolution
		{33095749-E4E7-4003-B571-B2A99CA11D30}.Debug|Any CPU.ActiveCfg = Debug|Any CPU
		{33095749-E4E7-4003-B571-B2A99CA11D30}.Debug|Any CPU.Build.0 = Debug|Any CPU
		{33095749-E4E7-4003-B571-B2A99CA11D30}.Debug|Mixed Platforms.ActiveCfg = Debug|Any CPU
		{33095749-E4E7-4003-B571-B2A99CA11D30}.Debug|Mixed Platforms.Build.0 = Debug|Any CPU
		{33095749-E4E7-4003-B571-B2A99CA11D30}.Debug|x64.ActiveCfg = Debug|Any CPU
		{33095749-E4E7-4003-B571-B2A99CA11D30}.Debug|x64.Build.0 = Debug|Any CPU
		{33095749-E4E7-4003-B571-B2A99CA11D30}.Debug|x86.ActiveCfg = Debug|Any CPU
		{33095749-E4E7-4003-B571-B2A99CA11D30}.Release|Any CPU.ActiveCfg = Release|Any CPU
		{33095749-E4E7-4003-B571-B2A99CA11D30}.Release|Any CPU.Build.0 = Release|Any CPU
		{33095749-E4E7-4003-B571-B2A99CA11D30}.Release|Mixed Platforms.ActiveCfg = Release|Any CPU
		{33095749-E4E7-4003-B571-B2A99CA11D30}.Release|Mixed Platforms.Build.0 = Release|Any CPU
		{33095749-E4E7-4003-B571-B2A99CA11D30}.Release|x64.ActiveCfg = Release|Any CPU
		{33095749-E4E7-4003-B571-B2A99CA11D30}.Release|x64.Build.0 = Release|Any CPU
		{33095749-E4E7-4003-B571-B2A99CA11D30}.Release|x86.ActiveCfg = Release|Any CPU
		{874866B5-7913-4C66-9A98-08098D227B42}.Debug|Any CPU.ActiveCfg = Debug
		{874866B5-7913-4C66-9A98-08098D227B42}.Debug|Mixed Platforms.ActiveCfg = Debug
		{874866B5-7913-4C66-9A98-08098D227B42}.Debug|Mixed Platforms.Build.0 = Debug
		{874866B5-7913-4C66-9A98-08098D227B42}.Debug|x64.ActiveCfg = Debug
		{874866B5-7913-4C66-9A98-08098D227B42}.Debug|x64.Build.0 = Debug
		{874866B5-7913-4C66-9A98-08098D227B42}.Debug|x86.ActiveCfg = Debug
		{874866B5-7913-4C66-9A98-08098D227B42}.Debug|x86.Build.0 = Debug
		{874866B5-7913-4C66-9A98-08098D227B42}.Release|Any CPU.ActiveCfg = Release
		{874866B5-7913-4C66-9A98-08098D227B42}.Release|Mixed Platforms.ActiveCfg = Release
		{874866B5-7913-4C66-9A98-08098D227B42}.Release|Mixed Platforms.Build.0 = Release
		{874866B5-7913-4C66-9A98-08098D227B42}.Release|x64.ActiveCfg = Release
		{874866B5-7913-4C66-9A98-08098D227B42}.Release|x64.Build.0 = Release
		{874866B5-7913-4C66-9A98-08098D227B42}.Release|x86.ActiveCfg = Release
		{874866B5-7913-4C66-9A98-08098D227B42}.Release|x86.Build.0 = Release
		{887B7E8D-0212-4E91-8725-FEBDD83AE6D1}.Debug|Any CPU.ActiveCfg = Debug|x86
		{887B7E8D-0212-4E91-8725-FEBDD83AE6D1}.Debug|Mixed Platforms.ActiveCfg = Debug|x86
		{887B7E8D-0212-4E91-8725-FEBDD83AE6D1}.Debug|Mixed Platforms.Build.0 = Debug|x86
		{887B7E8D-0212-4E91-8725-FEBDD83AE6D1}.Debug|x64.ActiveCfg = Debug|x86
		{887B7E8D-0212-4E91-8725-FEBDD83AE6D1}.Debug|x64.Build.0 = Debug|x86
		{887B7E8D-0212-4E91-8725-FEBDD83AE6D1}.Debug|x86.ActiveCfg = Debug|x86
		{887B7E8D-0212-4E91-8725-FEBDD83AE6D1}.Debug|x86.Build.0 = Debug|x86
		{887B7E8D-0212-4E91-8725-FEBDD83AE6D1}.Release|Any CPU.ActiveCfg = Release|x86
		{887B7E8D-0212-4E91-8725-FEBDD83AE6D1}.Release|Mixed Platforms.ActiveCfg = Release|x86
		{887B7E8D-0212-4E91-8725-FEBDD83AE6D1}.Release|Mixed Platforms.Build.0 = Release|x86
		{887B7E8D-0212-4E91-8725-FEBDD83AE6D1}.Release|x64.ActiveCfg = Release|x86
		{887B7E8D-0212-4E91-8725-FEBDD83AE6D1}.Release|x86.ActiveCfg = Release|x86
		{887B7E8D-0212-4E91-8725-FEBDD83AE6D1}.Release|x86.Build.0 = Release|x86
	EndGlobalSection
	GlobalSection(SolutionProperties) = preSolution
		HideSolutionNode = FALSE
	EndGlobalSection
EndGlobal
